# This file is automatically @generated by Cargo.
# It is not intended for manual editing.
version = 4

[[package]]
name = "scorsese-cli"
version = "0.1.0"

[[package]]
name = "scorsese-compositor"
version = "0.1.0"

[[package]]
name = "scorsese-core"
version = "0.1.0"

[[package]]
name = "scorsese-mcp"
version = "0.1.0"

[[package]]
name = "scorsese-providers"
version = "0.1.0"

[[package]]
name = "scorsese-render"
version = "0.1.0"
